
Microsoft Visual Studio Solution File, Format Version 12.00
# Visual Studio 15
VisualStudioVersion = 15.0.27703.2035
MinimumVisualStudioVersion = 10.0.40219.1
Project("{E24C65DC-7377-472B-9ABA-BC803B73C61A}") = "LAB1_2", "LAB1_2\", "{E63E3B7F-9D22-47A5-8795-B138A5E71B27}"
	ProjectSection(WebsiteProperties) = preProject
		TargetFrameworkMoniker = ".NETFramework,Version%3Dv4.6.1"
		Debug.AspNetCompiler.VirtualPath = "/localhost_2144"
		Debug.AspNetCompiler.PhysicalPath = "LAB1_2\"
		Debug.AspNetCompiler.TargetPath = "PrecompiledWeb\localhost_2144\"
		Debug.AspNetCompiler.Updateable = "true"
		Debug.AspNetCompiler.ForceOverwrite = "true"
		Debug.AspNetCompiler.FixedNames = "false"
		Debug.AspNetCompiler.Debug = "True"
		Release.AspNetCompiler.VirtualPath = "/localhost_2144"
		Release.AspNetCompiler.PhysicalPath = "LAB1_2\"
		Release.AspNetCompiler.TargetPath = "PrecompiledWeb\localhost_2144\"
		Release.AspNetCompiler.Updateable = "true"
		Release.AspNetCompiler.ForceOverwrite = "true"
		Release.AspNetCompiler.FixedNames = "false"
		Release.AspNetCompiler.Debug = "False"
		VWDPort = "2144"
		SlnRelativePath = "LAB1_2\"
		DefaultWebSiteLanguage = "Visual C#"
	EndProjectSection
EndProject
Global
	GlobalSection(SolutionConfigurationPlatforms) = preSolution
		Debug|Any CPU = Debug|Any CPU
	EndGlobalSection
	GlobalSection(ProjectConfigurationPlatforms) = postSolution
		{E63E3B7F-9D22-47A5-8795-B138A5E71B27}.Debug|Any CPU.ActiveCfg = Debug|Any CPU
		{E63E3B7F-9D22-47A5-8795-B138A5E71B27}.Debug|Any CPU.Build.0 = Debug|Any CPU
	EndGlobalSection
	GlobalSection(SolutionProperties) = preSolution
		HideSolutionNode = FALSE
	EndGlobalSection
	GlobalSection(ExtensibilityGlobals) = postSolution
		SolutionGuid = {0C47407B-B4E0-4675-9270-FC6E4EC7706A}
	EndGlobalSection
EndGlobal
